// !$*UTF8*$!
{
	archiveVersion = 1;
	classes = {
	};
	objectVersion = 51;
	objects = {

/* Begin PBXBuildFile section */
		05402FD127CD063500088494 /* GifFeedModel.swift in Sources */ = {isa = PBXBuildFile; fileRef = 05402FD027CD063500088494 /* GifFeedModel.swift */; };
		0540AE7627CBA2FF007424A5 /* GifExtension.swift in Sources */ = {isa = PBXBuildFile; fileRef = 0540AE7527CBA2FF007424A5 /* GifExtension.swift */; };
		054EA9EE27C90ACE005B9789 /* AppDelegate.swift in Sources */ = {isa = PBXBuildFile; fileRef = 054EA9ED27C90ACE005B9789 /* AppDelegate.swift */; };
		054EA9F027C90ACF005B9789 /* SceneDelegate.swift in Sources */ = {isa = PBXBuildFile; fileRef = 054EA9EF27C90ACF005B9789 /* SceneDelegate.swift */; };
		054EA9F227C90ACF005B9789 /* GifSearcherVC.swift in Sources */ = {isa = PBXBuildFile; fileRef = 054EA9F127C90ACF005B9789 /* GifSearcherVC.swift */; };
		054EA9F527C90ACF005B9789 /* Main.storyboard in Resources */ = {isa = PBXBuildFile; fileRef = 054EA9F327C90ACF005B9789 /* Main.storyboard */; };
		054EA9F827C90ACF005B9789 /* GifDemo.xcdatamodeld in Sources */ = {isa = PBXBuildFile; fileRef = 054EA9F627C90ACF005B9789 /* GifDemo.xcdatamodeld */; };
		054EA9FA27C90AD0005B9789 /* Assets.xcassets in Resources */ = {isa = PBXBuildFile; fileRef = 054EA9F927C90AD0005B9789 /* Assets.xcassets */; };
		054EA9FD27C90AD0005B9789 /* LaunchScreen.storyboard in Resources */ = {isa = PBXBuildFile; fileRef = 054EA9FB27C90AD0005B9789 /* LaunchScreen.storyboard */; };
		054EAA0827C90AD0005B9789 /* GifDemoTests.swift in Sources */ = {isa = PBXBuildFile; fileRef = 054EAA0727C90AD0005B9789 /* GifDemoTests.swift */; };
		054EAA1327C90AD0005B9789 /* GifDemoUITests.swift in Sources */ = {isa = PBXBuildFile; fileRef = 054EAA1227C90AD0005B9789 /* GifDemoUITests.swift */; };
		054EAA2C27C90C14005B9789 /* GifFavoriteVC.swift in Sources */ = {isa = PBXBuildFile; fileRef = 054EAA2B27C90C14005B9789 /* GifFavoriteVC.swift */; };
		054EAA4B27C947D9005B9789 /* GifCollectionViewCell.swift in Sources */ = {isa = PBXBuildFile; fileRef = 054EAA4A27C947D9005B9789 /* GifCollectionViewCell.swift */; };
		054EAA7027C9634B005B9789 /* GifModel.swift in Sources */ = {isa = PBXBuildFile; fileRef = 054EAA6F27C9634B005B9789 /* GifModel.swift */; };
		054EAA7927C967BF005B9789 /* Configurations.swift in Sources */ = {isa = PBXBuildFile; fileRef = 054EAA7827C967BF005B9789 /* Configurations.swift */; };
		054EAA8127C96CA0005B9789 /* GifNetworkManager.swift in Sources */ = {isa = PBXBuildFile; fileRef = 054EAA8027C96CA0005B9789 /* GifNetworkManager.swift */; };
		054EAA8827C96F67005B9789 /* GifSearcherViewModel.swift in Sources */ = {isa = PBXBuildFile; fileRef = 054EAA8727C96F67005B9789 /* GifSearcherViewModel.swift */; };
		054EAA8D27C96F7A005B9789 /* GifFavoriteViewModel.swift in Sources */ = {isa = PBXBuildFile; fileRef = 054EAA8C27C96F7A005B9789 /* GifFavoriteViewModel.swift */; };
		6F26E4A16C6485047E6BAF88 /* Pods_GifDemoTests.framework in Frameworks */ = {isa = PBXBuildFile; fileRef = A8359ECAE97091FE95139812 /* Pods_GifDemoTests.framework */; };
		CD365B518DA007DD4C4B99B5 /* Pods_GifDemo_GifDemoUITests.framework in Frameworks */ = {isa = PBXBuildFile; fileRef = 50D0733CCB58B11FE702D402 /* Pods_GifDemo_GifDemoUITests.framework */; };
		E9367856AEB9E5FE5D7A8303 /* Pods_GifDemo.framework in Frameworks */ = {isa = PBXBuildFile; fileRef = 7EC56DBE14064336DEA00F86 /* Pods_GifDemo.framework */; };
/* End PBXBuildFile section */

/* Begin PBXContainerItemProxy section */
		054EAA0427C90AD0005B9789 /* PBXContainerItemProxy */ = {
			isa = PBXContainerItemProxy;
			containerPortal = 054EA9E227C90ACE005B9789 /* Project object */;
			proxyType = 1;
			remoteGlobalIDString = 054EA9E927C90ACE005B9789;
			remoteInfo = GifDemo;
		};
		054EAA0F27C90AD0005B9789 /* PBXContainerItemProxy */ = {
			isa = PBXContainerItemProxy;
			containerPortal = 054EA9E227C90ACE005B9789 /* Project object */;
			proxyType = 1;
			remoteGlobalIDString = 054EA9E927C90ACE005B9789;
			remoteInfo = GifDemo;
		};
/* End PBXContainerItemProxy section */

/* Begin PBXFileReference section */
		05402FD027CD063500088494 /* GifFeedModel.swift */ = {isa = PBXFileReference; lastKnownFileType = sourcecode.swift; path = GifFeedModel.swift; sourceTree = "<group>"; };
		0540AE7527CBA2FF007424A5 /* GifExtension.swift */ = {isa = PBXFileReference; lastKnownFileType = sourcecode.swift; path = GifExtension.swift; sourceTree = "<group>"; };
		054EA9EA27C90ACE005B9789 /* GifDemo.app */ = {isa = PBXFileReference; explicitFileType = wrapper.application; includeInIndex = 0; path = GifDemo.app; sourceTree = BUILT_PRODUCTS_DIR; };
		054EA9ED27C90ACE005B9789 /* AppDelegate.swift */ = {isa = PBXFileReference; lastKnownFileType = sourcecode.swift; path = AppDelegate.swift; sourceTree = "<group>"; };
		054EA9EF27C90ACF005B9789 /* SceneDelegate.swift */ = {isa = PBXFileReference; lastKnownFileType = sourcecode.swift; path = SceneDelegate.swift; sourceTree = "<group>"; };
		054EA9F127C90ACF005B9789 /* GifSearcherVC.swift */ = {isa = PBXFileReference; lastKnownFileType = sourcecode.swift; path = GifSearcherVC.swift; sourceTree = "<group>"; };
		054EA9F427C90ACF005B9789 /* Base */ = {isa = PBXFileReference; lastKnownFileType = file.storyboard; name = Base; path = Base.lproj/Main.storyboard; sourceTree = "<group>"; };
		054EA9F727C90ACF005B9789 /* GifDemo.xcdatamodel */ = {isa = PBXFileReference; lastKnownFileType = wrapper.xcdatamodel; path = GifDemo.xcdatamodel; sourceTree = "<group>"; };
		054EA9F927C90AD0005B9789 /* Assets.xcassets */ = {isa = PBXFileReference; lastKnownFileType = folder.assetcatalog; path = Assets.xcassets; sourceTree = "<group>"; };
		054EA9FC27C90AD0005B9789 /* Base */ = {isa = PBXFileReference; lastKnownFileType = file.storyboard; name = Base; path = Base.lproj/LaunchScreen.storyboard; sourceTree = "<group>"; };
		054EA9FE27C90AD0005B9789 /* Info.plist */ = {isa = PBXFileReference; lastKnownFileType = text.plist.xml; path = Info.plist; sourceTree = "<group>"; };
		054EAA0327C90AD0005B9789 /* GifDemoTests.xctest */ = {isa = PBXFileReference; explicitFileType = wrapper.cfbundle; includeInIndex = 0; path = GifDemoTests.xctest; sourceTree = BUILT_PRODUCTS_DIR; };
		054EAA0727C90AD0005B9789 /* GifDemoTests.swift */ = {isa = PBXFileReference; lastKnownFileType = sourcecode.swift; path = GifDemoTests.swift; sourceTree = "<group>"; };
		054EAA0927C90AD0005B9789 /* Info.plist */ = {isa = PBXFileReference; lastKnownFileType = text.plist.xml; path = Info.plist; sourceTree = "<group>"; };
		054EAA0E27C90AD0005B9789 /* GifDemoUITests.xctest */ = {isa = PBXFileReference; explicitFileType = wrapper.cfbundle; includeInIndex = 0; path = GifDemoUITests.xctest; sourceTree = BUILT_PRODUCTS_DIR; };
		054EAA1227C90AD0005B9789 /* GifDemoUITests.swift */ = {isa = PBXFileReference; lastKnownFileType = sourcecode.swift; path = GifDemoUITests.swift; sourceTree = "<group>"; };
		054EAA1427C90AD0005B9789 /* Info.plist */ = {isa = PBXFileReference; lastKnownFileType = text.plist.xml; path = Info.plist; sourceTree = "<group>"; };
		054EAA2B27C90C14005B9789 /* GifFavoriteVC.swift */ = {isa = PBXFileReference; lastKnownFileType = sourcecode.swift; path = GifFavoriteVC.swift; sourceTree = "<group>"; };
		054EAA4A27C947D9005B9789 /* GifCollectionViewCell.swift */ = {isa = PBXFileReference; lastKnownFileType = sourcecode.swift; path = GifCollectionViewCell.swift; sourceTree = "<group>"; };
		054EAA6F27C9634B005B9789 /* GifModel.swift */ = {isa = PBXFileReference; lastKnownFileType = sourcecode.swift; path = GifModel.swift; sourceTree = "<group>"; };
		054EAA7827C967BF005B9789 /* Configurations.swift */ = {isa = PBXFileReference; lastKnownFileType = sourcecode.swift; path = Configurations.swift; sourceTree = "<group>"; };
		054EAA8027C96CA0005B9789 /* GifNetworkManager.swift */ = {isa = PBXFileReference; lastKnownFileType = sourcecode.swift; path = GifNetworkManager.swift; sourceTree = "<group>"; };
		054EAA8727C96F67005B9789 /* GifSearcherViewModel.swift */ = {isa = PBXFileReference; lastKnownFileType = sourcecode.swift; path = GifSearcherViewModel.swift; sourceTree = "<group>"; };
		054EAA8C27C96F7A005B9789 /* GifFavoriteViewModel.swift */ = {isa = PBXFileReference; lastKnownFileType = sourcecode.swift; path = GifFavoriteViewModel.swift; sourceTree = "<group>"; };
		1F91813401BFC5F317E44889 /* Pods-GifDemoTests.release.xcconfig */ = {isa = PBXFileReference; includeInIndex = 1; lastKnownFileType = text.xcconfig; name = "Pods-GifDemoTests.release.xcconfig"; path = "Target Support Files/Pods-GifDemoTests/Pods-GifDemoTests.release.xcconfig"; sourceTree = "<group>"; };
		472A126D38BA105033FCD655 /* Pods-GifDemo.debug.xcconfig */ = {isa = PBXFileReference; includeInIndex = 1; lastKnownFileType = text.xcconfig; name = "Pods-GifDemo.debug.xcconfig"; path = "Target Support Files/Pods-GifDemo/Pods-GifDemo.debug.xcconfig"; sourceTree = "<group>"; };
		493F41FB343DA48A38198128 /* Pods-GifDemo.release.xcconfig */ = {isa = PBXFileReference; includeInIndex = 1; lastKnownFileType = text.xcconfig; name = "Pods-GifDemo.release.xcconfig"; path = "Target Support Files/Pods-GifDemo/Pods-GifDemo.release.xcconfig"; sourceTree = "<group>"; };
		50D0733CCB58B11FE702D402 /* Pods_GifDemo_GifDemoUITests.framework */ = {isa = PBXFileReference; explicitFileType = wrapper.framework; includeInIndex = 0; path = Pods_GifDemo_GifDemoUITests.framework; sourceTree = BUILT_PRODUCTS_DIR; };
		7EC56DBE14064336DEA00F86 /* Pods_GifDemo.framework */ = {isa = PBXFileReference; explicitFileType = wrapper.framework; includeInIndex = 0; path = Pods_GifDemo.framework; sourceTree = BUILT_PRODUCTS_DIR; };
		A8359ECAE97091FE95139812 /* Pods_GifDemoTests.framework */ = {isa = PBXFileReference; explicitFileType = wrapper.framework; includeInIndex = 0; path = Pods_GifDemoTests.framework; sourceTree = BUILT_PRODUCTS_DIR; };
		D0C7603CE34826CA63C4BBCA /* Pods-GifDemoTests.debug.xcconfig */ = {isa = PBXFileReference; includeInIndex = 1; lastKnownFileType = text.xcconfig; name = "Pods-GifDemoTests.debug.xcconfig"; path = "Target Support Files/Pods-GifDemoTests/Pods-GifDemoTests.debug.xcconfig"; sourceTree = "<group>"; };
		D729D97972F43DF2A7F4AF90 /* Pods-GifDemo-GifDemoUITests.release.xcconfig */ = {isa = PBXFileReference; includeInIndex = 1; lastKnownFileType = text.xcconfig; name = "Pods-GifDemo-GifDemoUITests.release.xcconfig"; path = "Target Support Files/Pods-GifDemo-GifDemoUITests/Pods-GifDemo-GifDemoUITests.release.xcconfig"; sourceTree = "<group>"; };
		E0A088F9E3AC7D7020CB0CF5 /* Pods-GifDemo-GifDemoUITests.debug.xcconfig */ = {isa = PBXFileReference; includeInIndex = 1; lastKnownFileType = text.xcconfig; name = "Pods-GifDemo-GifDemoUITests.debug.xcconfig"; path = "Target Support Files/Pods-GifDemo-GifDemoUITests/Pods-GifDemo-GifDemoUITests.debug.xcconfig"; sourceTree = "<group>"; };
/* End PBXFileReference section */

/* Begin PBXFrameworksBuildPhase section */
		054EA9E727C90ACE005B9789 /* Frameworks */ = {
			isa = PBXFrameworksBuildPhase;
			buildActionMask = 2147483647;
			files = (
				E9367856AEB9E5FE5D7A8303 /* Pods_GifDemo.framework in Frameworks */,
			);
			runOnlyForDeploymentPostprocessing = 0;
		};
		054EAA0027C90AD0005B9789 /* Frameworks */ = {
			isa = PBXFrameworksBuildPhase;
			buildActionMask = 2147483647;
			files = (
				6F26E4A16C6485047E6BAF88 /* Pods_GifDemoTests.framework in Frameworks */,
			);
			runOnlyForDeploymentPostprocessing = 0;
		};
		054EAA0B27C90AD0005B9789 /* Frameworks */ = {
			isa = PBXFrameworksBuildPhase;
			buildActionMask = 2147483647;
			files = (
				CD365B518DA007DD4C4B99B5 /* Pods_GifDemo_GifDemoUITests.framework in Frameworks */,
			);
			runOnlyForDeploymentPostprocessing = 0;
		};
/* End PBXFrameworksBuildPhase section */

/* Begin PBXGroup section */
		0540AE7427CBA2EA007424A5 /* Helper */ = {
			isa = PBXGroup;
			children = (
				0540AE7527CBA2FF007424A5 /* GifExtension.swift */,
			);
			path = Helper;
			sourceTree = "<group>";
		};
		054EA9E127C90ACE005B9789 = {
			isa = PBXGroup;
			children = (
				054EA9EC27C90ACE005B9789 /* GifDemo */,
				054EAA0627C90AD0005B9789 /* GifDemoTests */,
				054EAA1127C90AD0005B9789 /* GifDemoUITests */,
				054EA9EB27C90ACE005B9789 /* Products */,
				96A005753088BE88EF6177C4 /* Pods */,
				2C548A0ABB3E60AD6FC166D0 /* Frameworks */,
			);
			sourceTree = "<group>";
		};
		054EA9EB27C90ACE005B9789 /* Products */ = {
			isa = PBXGroup;
			children = (
				054EA9EA27C90ACE005B9789 /* GifDemo.app */,
				054EAA0327C90AD0005B9789 /* GifDemoTests.xctest */,
				054EAA0E27C90AD0005B9789 /* GifDemoUITests.xctest */,
			);
			name = Products;
			sourceTree = "<group>";
		};
		054EA9EC27C90ACE005B9789 /* GifDemo */ = {
			isa = PBXGroup;
			children = (
				0540AE7427CBA2EA007424A5 /* Helper */,
				054EAA7727C966A9005B9789 /* NetworkLayer */,
				054EAA6E27C96333005B9789 /* Models */,
				054EAA4527C93519005B9789 /* CommonUIComponent */,
				054EAA2627C90BA7005B9789 /* Module */,
				054EA9ED27C90ACE005B9789 /* AppDelegate.swift */,
				054EA9EF27C90ACF005B9789 /* SceneDelegate.swift */,
				054EA9F327C90ACF005B9789 /* Main.storyboard */,
				054EA9F927C90AD0005B9789 /* Assets.xcassets */,
				054EA9FB27C90AD0005B9789 /* LaunchScreen.storyboard */,
				054EA9FE27C90AD0005B9789 /* Info.plist */,
				054EA9F627C90ACF005B9789 /* GifDemo.xcdatamodeld */,
			);
			path = GifDemo;
			sourceTree = "<group>";
		};
		054EAA0627C90AD0005B9789 /* GifDemoTests */ = {
			isa = PBXGroup;
			children = (
				054EAA0727C90AD0005B9789 /* GifDemoTests.swift */,
				054EAA0927C90AD0005B9789 /* Info.plist */,
			);
			path = GifDemoTests;
			sourceTree = "<group>";
		};
		054EAA1127C90AD0005B9789 /* GifDemoUITests */ = {
			isa = PBXGroup;
			children = (
				054EAA1227C90AD0005B9789 /* GifDemoUITests.swift */,
				054EAA1427C90AD0005B9789 /* Info.plist */,
			);
			path = GifDemoUITests;
			sourceTree = "<group>";
		};
		054EAA2627C90BA7005B9789 /* Module */ = {
			isa = PBXGroup;
			children = (
				054EAA2827C90BC0005B9789 /* GifFavorite */,
				054EAA2727C90BB1005B9789 /* GifSearch */,
			);
			path = Module;
			sourceTree = "<group>";
		};
		054EAA2727C90BB1005B9789 /* GifSearch */ = {
			isa = PBXGroup;
			children = (
				054EAA8527C96F31005B9789 /* ViewModel */,
				054EAA2927C90BE8005B9789 /* View */,
			);
			path = GifSearch;
			sourceTree = "<group>";
		};
		054EAA2827C90BC0005B9789 /* GifFavorite */ = {
			isa = PBXGroup;
			children = (
				054EAA8627C96F44005B9789 /* ViewModel */,
				054EAA2A27C90BEE005B9789 /* View */,
			);
			path = GifFavorite;
			sourceTree = "<group>";
		};
		054EAA2927C90BE8005B9789 /* View */ = {
			isa = PBXGroup;
			children = (
				054EA9F127C90ACF005B9789 /* GifSearcherVC.swift */,
			);
			path = View;
			sourceTree = "<group>";
		};
		054EAA2A27C90BEE005B9789 /* View */ = {
			isa = PBXGroup;
			children = (
				054EAA2B27C90C14005B9789 /* GifFavoriteVC.swift */,
			);
			path = View;
			sourceTree = "<group>";
		};
		054EAA4527C93519005B9789 /* CommonUIComponent */ = {
			isa = PBXGroup;
			children = (
				054EAA4927C947B3005B9789 /* CollectionCells */,
			);
			path = CommonUIComponent;
			sourceTree = "<group>";
		};
		054EAA4927C947B3005B9789 /* CollectionCells */ = {
			isa = PBXGroup;
			children = (
				054EAA4A27C947D9005B9789 /* GifCollectionViewCell.swift */,
			);
			path = CollectionCells;
			sourceTree = "<group>";
		};
		054EAA6E27C96333005B9789 /* Models */ = {
			isa = PBXGroup;
			children = (
				054EAA6F27C9634B005B9789 /* GifModel.swift */,
				05402FD027CD063500088494 /* GifFeedModel.swift */,
			);
			path = Models;
			sourceTree = "<group>";
		};
		054EAA7727C966A9005B9789 /* NetworkLayer */ = {
			isa = PBXGroup;
			children = (
				054EAA7827C967BF005B9789 /* Configurations.swift */,
				054EAA8027C96CA0005B9789 /* GifNetworkManager.swift */,
			);
			path = NetworkLayer;
			sourceTree = "<group>";
		};
		054EAA8527C96F31005B9789 /* ViewModel */ = {
			isa = PBXGroup;
			children = (
				054EAA8727C96F67005B9789 /* GifSearcherViewModel.swift */,
			);
			path = ViewModel;
			sourceTree = "<group>";
		};
		054EAA8627C96F44005B9789 /* ViewModel */ = {
			isa = PBXGroup;
			children = (
				054EAA8C27C96F7A005B9789 /* GifFavoriteViewModel.swift */,
			);
			path = ViewModel;
			sourceTree = "<group>";
		};
		2C548A0ABB3E60AD6FC166D0 /* Frameworks */ = {
			isa = PBXGroup;
			children = (
				7EC56DBE14064336DEA00F86 /* Pods_GifDemo.framework */,
				50D0733CCB58B11FE702D402 /* Pods_GifDemo_GifDemoUITests.framework */,
				A8359ECAE97091FE95139812 /* Pods_GifDemoTests.framework */,
			);
			name = Frameworks;
			sourceTree = "<group>";
		};
		96A005753088BE88EF6177C4 /* Pods */ = {
			isa = PBXGroup;
			children = (
				472A126D38BA105033FCD655 /* Pods-GifDemo.debug.xcconfig */,
				493F41FB343DA48A38198128 /* Pods-GifDemo.release.xcconfig */,
				E0A088F9E3AC7D7020CB0CF5 /* Pods-GifDemo-GifDemoUITests.debug.xcconfig */,
				D729D97972F43DF2A7F4AF90 /* Pods-GifDemo-GifDemoUITests.release.xcconfig */,
				D0C7603CE34826CA63C4BBCA /* Pods-GifDemoTests.debug.xcconfig */,
				1F91813401BFC5F317E44889 /* Pods-GifDemoTests.release.xcconfig */,
			);
			path = Pods;
			sourceTree = "<group>";
		};
/* End PBXGroup section */

/* Begin PBXNativeTarget section */
		054EA9E927C90ACE005B9789 /* GifDemo */ = {
			isa = PBXNativeTarget;
			buildConfigurationList = 054EAA1727C90AD0005B9789 /* Build configuration list for PBXNativeTarget "GifDemo" */;
			buildPhases = (
				9BE47B276322485A91E49800 /* [CP] Check Pods Manifest.lock */,
				054EA9E627C90ACE005B9789 /* Sources */,
				054EA9E727C90ACE005B9789 /* Frameworks */,
				054EA9E827C90ACE005B9789 /* Resources */,
				A787C4E1526A41F18ACCA3D2 /* [CP] Embed Pods Frameworks */,
			);
			buildRules = (
			);
			dependencies = (
			);
			name = GifDemo;
			productName = GifDemo;
			productReference = 054EA9EA27C90ACE005B9789 /* GifDemo.app */;
			productType = "com.apple.product-type.application";
		};
		054EAA0227C90AD0005B9789 /* GifDemoTests */ = {
			isa = PBXNativeTarget;
			buildConfigurationList = 054EAA1A27C90AD0005B9789 /* Build configuration list for PBXNativeTarget "GifDemoTests" */;
			buildPhases = (
				C3562074652F903A2BBD6BDF /* [CP] Check Pods Manifest.lock */,
				054EA9FF27C90AD0005B9789 /* Sources */,
				054EAA0027C90AD0005B9789 /* Frameworks */,
				054EAA0127C90AD0005B9789 /* Resources */,
			);
			buildRules = (
			);
			dependencies = (
				054EAA0527C90AD0005B9789 /* PBXTargetDependency */,
			);
			name = GifDemoTests;
			productName = GifDemoTests;
			productReference = 054EAA0327C90AD0005B9789 /* GifDemoTests.xctest */;
			productType = "com.apple.product-type.bundle.unit-test";
		};
		054EAA0D27C90AD0005B9789 /* GifDemoUITests */ = {
			isa = PBXNativeTarget;
			buildConfigurationList = 054EAA1D27C90AD0005B9789 /* Build configuration list for PBXNativeTarget "GifDemoUITests" */;
			buildPhases = (
				A3B48406D10C5799B24E7CC5 /* [CP] Check Pods Manifest.lock */,
				054EAA0A27C90AD0005B9789 /* Sources */,
				054EAA0B27C90AD0005B9789 /* Frameworks */,
				054EAA0C27C90AD0005B9789 /* Resources */,
				778687D056A96E6A426707B1 /* [CP] Embed Pods Frameworks */,
			);
			buildRules = (
			);
			dependencies = (
				054EAA1027C90AD0005B9789 /* PBXTargetDependency */,
			);
			name = GifDemoUITests;
			productName = GifDemoUITests;
			productReference = 054EAA0E27C90AD0005B9789 /* GifDemoUITests.xctest */;
			productType = "com.apple.product-type.bundle.ui-testing";
		};
/* End PBXNativeTarget section */

/* Begin PBXProject section */
		054EA9E227C90ACE005B9789 /* Project object */ = {
			isa = PBXProject;
			attributes = {
				LastSwiftUpdateCheck = 1240;
				LastUpgradeCheck = 1240;
				TargetAttributes = {
					054EA9E927C90ACE005B9789 = {
						CreatedOnToolsVersion = 12.4;
					};
					054EAA0227C90AD0005B9789 = {
						CreatedOnToolsVersion = 12.4;
						TestTargetID = 054EA9E927C90ACE005B9789;
					};
					054EAA0D27C90AD0005B9789 = {
						CreatedOnToolsVersion = 12.4;
						TestTargetID = 054EA9E927C90ACE005B9789;
					};
				};
			};
			buildConfigurationList = 054EA9E527C90ACE005B9789 /* Build configuration list for PBXProject "GifDemo" */;
			compatibilityVersion = "Xcode 9.3";
			developmentRegion = en;
			hasScannedForEncodings = 0;
			knownRegions = (
				en,
				Base,
			);
			mainGroup = 054EA9E127C90ACE005B9789;
			productRefGroup = 054EA9EB27C90ACE005B9789 /* Products */;
			projectDirPath = "";
			projectRoot = "";
			targets = (
				054EA9E927C90ACE005B9789 /* GifDemo */,
				054EAA0227C90AD0005B9789 /* GifDemoTests */,
				054EAA0D27C90AD0005B9789 /* GifDemoUITests */,
			);
		};
/* End PBXProject section */

/* Begin PBXResourcesBuildPhase section */
		054EA9E827C90ACE005B9789 /* Resources */ = {
			isa = PBXResourcesBuildPhase;
			buildActionMask = 2147483647;
			files = (
				054EA9FD27C90AD0005B9789 /* LaunchScreen.storyboard in Resources */,
				054EA9FA27C90AD0005B9789 /* Assets.xcassets in Resources */,
				054EA9F527C90ACF005B9789 /* Main.storyboard in Resources */,
			);
			runOnlyForDeploymentPostprocessing = 0;
		};
		054EAA0127C90AD0005B9789 /* Resources */ = {
			isa = PBXResourcesBuildPhase;
			buildActionMask = 2147483647;
			files = (
			);
			runOnlyForDeploymentPostprocessing = 0;
		};
		054EAA0C27C90AD0005B9789 /* Resources */ = {
			isa = PBXResourcesBuildPhase;
			buildActionMask = 2147483647;
			files = (
			);
			runOnlyForDeploymentPostprocessing = 0;
		};
/* End PBXResourcesBuildPhase section */

/* Begin PBXShellScriptBuildPhase section */
		778687D056A96E6A426707B1 /* [CP] Embed Pods Frameworks */ = {
			isa = PBXShellScriptBuildPhase;
			buildActionMask = 2147483647;
			files = (
			);
			inputFileListPaths = (
				"${PODS_ROOT}/Target Support Files/Pods-GifDemo-GifDemoUITests/Pods-GifDemo-GifDemoUITests-frameworks-${CONFIGURATION}-input-files.xcfilelist",
			);
			name = "[CP] Embed Pods Frameworks";
			outputFileListPaths = (
				"${PODS_ROOT}/Target Support Files/Pods-GifDemo-GifDemoUITests/Pods-GifDemo-GifDemoUITests-frameworks-${CONFIGURATION}-output-files.xcfilelist",
			);
			runOnlyForDeploymentPostprocessing = 0;
			shellPath = /bin/sh;
			shellScript = "\"${PODS_ROOT}/Target Support Files/Pods-GifDemo-GifDemoUITests/Pods-GifDemo-GifDemoUITests-frameworks.sh\"\n";
			showEnvVarsInLog = 0;
		};
		9BE47B276322485A91E49800 /* [CP] Check Pods Manifest.lock */ = {
			isa = PBXShellScriptBuildPhase;
			buildActionMask = 2147483647;
			files = (
			);
			inputFileListPaths = (
			);
			inputPaths = (
				"${PODS_PODFILE_DIR_PATH}/Podfile.lock",
				"${PODS_ROOT}/Manifest.lock",
			);
			name = "[CP] Check Pods Manifest.lock";
			outputFileListPaths = (
			);
			outputPaths = (
				"$(DERIVED_FILE_DIR)/Pods-GifDemo-checkManifestLockResult.txt",
			);
			runOnlyForDeploymentPostprocessing = 0;
			shellPath = /bin/sh;
			shellScript = "diff \"${PODS_PODFILE_DIR_PATH}/Podfile.lock\" \"${PODS_ROOT}/Manifest.lock\" > /dev/null\nif [ $? != 0 ] ; then\n    # print error to STDERR\n    echo \"error: The sandbox is not in sync with the Podfile.lock. Run 'pod install' or update your CocoaPods installation.\" >&2\n    exit 1\nfi\n# This output is used by Xcode 'outputs' to avoid re-running this script phase.\necho \"SUCCESS\" > \"${SCRIPT_OUTPUT_FILE_0}\"\n";
			showEnvVarsInLog = 0;
		};
		A3B48406D10C5799B24E7CC5 /* [CP] Check Pods Manifest.lock */ = {
			isa = PBXShellScriptBuildPhase;
			buildActionMask = 2147483647;
			files = (
			);
			inputFileListPaths = (
			);
			inputPaths = (
				"${PODS_PODFILE_DIR_PATH}/Podfile.lock",
				"${PODS_ROOT}/Manifest.lock",
			);
			name = "[CP] Check Pods Manifest.lock";
			outputFileListPaths = (
			);
			outputPaths = (
				"$(DERIVED_FILE_DIR)/Pods-GifDemo-GifDemoUITests-checkManifestLockResult.txt",
			);
			runOnlyForDeploymentPostprocessing = 0;
			shellPath = /bin/sh;
			shellScript = "diff \"${PODS_PODFILE_DIR_PATH}/Podfile.lock\" \"${PODS_ROOT}/Manifest.lock\" > /dev/null\nif [ $? != 0 ] ; then\n    # print error to STDERR\n    echo \"error: The sandbox is not in sync with the Podfile.lock. Run 'pod install' or update your CocoaPods installation.\" >&2\n    exit 1\nfi\n# This output is used by Xcode 'outputs' to avoid re-running this script phase.\necho \"SUCCESS\" > \"${SCRIPT_OUTPUT_FILE_0}\"\n";
			showEnvVarsInLog = 0;
		};
		A787C4E1526A41F18ACCA3D2 /* [CP] Embed Pods Frameworks */ = {
			isa = PBXShellScriptBuildPhase;
			buildActionMask = 2147483647;
			files = (
			);
			inputFileListPaths = (
				"${PODS_ROOT}/Target Support Files/Pods-GifDemo/Pods-GifDemo-frameworks-${CONFIGURATION}-input-files.xcfilelist",
			);
			name = "[CP] Embed Pods Frameworks";
			outputFileListPaths = (
				"${PODS_ROOT}/Target Support Files/Pods-GifDemo/Pods-GifDemo-frameworks-${CONFIGURATION}-output-files.xcfilelist",
			);
			runOnlyForDeploymentPostprocessing = 0;
			shellPath = /bin/sh;
			shellScript = "\"${PODS_ROOT}/Target Support Files/Pods-GifDemo/Pods-GifDemo-frameworks.sh\"\n";
			showEnvVarsInLog = 0;
		};
		C3562074652F903A2BBD6BDF /* [CP] Check Pods Manifest.lock */ = {
			isa = PBXShellScriptBuildPhase;
			buildActionMask = 2147483647;
			files = (
			);
			inputFileListPaths = (
			);
			inputPaths = (
				"${PODS_PODFILE_DIR_PATH}/Podfile.lock",
				"${PODS_ROOT}/Manifest.lock",
			);
			name = "[CP] Check Pods Manifest.lock";
			outputFileListPaths = (
			);
			outputPaths = (
				"$(DERIVED_FILE_DIR)/Pods-GifDemoTests-checkManifestLockResult.txt",
			);
			runOnlyForDeploymentPostprocessing = 0;
			shellPath = /bin/sh;
			shellScript = "diff \"${PODS_PODFILE_DIR_PATH}/Podfile.lock\" \"${PODS_ROOT}/Manifest.lock\" > /dev/null\nif [ $? != 0 ] ; then\n    # print error to STDERR\n    echo \"error: The sandbox is not in sync with the Podfile.lock. Run 'pod install' or update your CocoaPods installation.\" >&2\n    exit 1\nfi\n# This output is used by Xcode 'outputs' to avoid re-running this script phase.\necho \"SUCCESS\" > \"${SCRIPT_OUTPUT_FILE_0}\"\n";
			showEnvVarsInLog = 0;
		};
/* End PBXShellScriptBuildPhase section */

/* Begin PBXSourcesBuildPhase section */
		054EA9E627C90ACE005B9789 /* Sources */ = {
			isa = PBXSourcesBuildPhase;
			buildActionMask = 2147483647;
			files = (
				054EAA2C27C90C14005B9789 /* GifFavoriteVC.swift in Sources */,
				054EA9F227C90ACF005B9789 /* GifSearcherVC.swift in Sources */,
				054EA9EE27C90ACE005B9789 /* AppDelegate.swift in Sources */,
				054EAA4B27C947D9005B9789 /* GifCollectionViewCell.swift in Sources */,
				0540AE7627CBA2FF007424A5 /* GifExtension.swift in Sources */,
				054EAA8D27C96F7A005B9789 /* GifFavoriteViewModel.swift in Sources */,
				054EA9F027C90ACF005B9789 /* SceneDelegate.swift in Sources */,
				054EAA7027C9634B005B9789 /* GifModel.swift in Sources */,
				054EAA7927C967BF005B9789 /* Configurations.swift in Sources */,
				054EAA8127C96CA0005B9789 /* GifNetworkManager.swift in Sources */,
				054EAA8827C96F67005B9789 /* GifSearcherViewModel.swift in Sources */,
				054EA9F827C90ACF005B9789 /* GifDemo.xcdatamodeld in Sources */,
				05402FD127CD063500088494 /* GifFeedModel.swift in Sources */,
			);
			runOnlyForDeploymentPostprocessing = 0;
		};
		054EA9FF27C90AD0005B9789 /* Sources */ = {
			isa = PBXSourcesBuildPhase;
			buildActionMask = 2147483647;
			files = (
				054EAA0827C90AD0005B9789 /* GifDemoTests.swift in Sources */,
			);
			runOnlyForDeploymentPostprocessing = 0;
		};
		054EAA0A27C90AD0005B9789 /* Sources */ = {
			isa = PBXSourcesBuildPhase;
			buildActionMask = 2147483647;
			files = (
				054EAA1327C90AD0005B9789 /* GifDemoUITests.swift in Sources */,
			);
			runOnlyForDeploymentPostprocessing = 0;
		};
/* End PBXSourcesBuildPhase section */

/* Begin PBXTargetDependency section */
		054EAA0527C90AD0005B9789 /* PBXTargetDependency */ = {
			isa = PBXTargetDependency;
			target = 054EA9E927C90ACE005B9789 /* GifDemo */;
			targetProxy = 054EAA0427C90AD0005B9789 /* PBXContainerItemProxy */;
		};
		054EAA1027C90AD0005B9789 /* PBXTargetDependency */ = {
			isa = PBXTargetDependency;
			target = 054EA9E927C90ACE005B9789 /* GifDemo */;
			targetProxy = 054EAA0F27C90AD0005B9789 /* PBXContainerItemProxy */;
		};
/* End PBXTargetDependency section */

/* Begin PBXVariantGroup section */
		054EA9F327C90ACF005B9789 /* Main.storyboard */ = {
			isa = PBXVariantGroup;
			children = (
				054EA9F427C90ACF005B9789 /* Base */,
			);
			name = Main.storyboard;
			sourceTree = "<group>";
		};
		054EA9FB27C90AD0005B9789 /* LaunchScreen.storyboard */ = {
			isa = PBXVariantGroup;
			children = (
				054EA9FC27C90AD0005B9789 /* Base */,
			);
			name = LaunchScreen.storyboard;
			sourceTree = "<group>";
		};
/* End PBXVariantGroup section */

/* Begin XCBuildConfiguration section */
		054EAA1527C90AD0005B9789 /* Debug */ = {
			isa = XCBuildConfiguration;
			buildSettings = {
				ALWAYS_SEARCH_USER_PATHS = NO;
				CLANG_ANALYZER_NONNULL = YES;
				CLANG_ANALYZER_NUMBER_OBJECT_CONVERSION = YES_AGGRESSIVE;
				CLANG_CXX_LANGUAGE_STANDARD = "gnu++14";
				CLANG_CXX_LIBRARY = "libc++";
				CLANG_ENABLE_MODULES = YES;
				CLANG_ENABLE_OBJC_ARC = YES;
				CLANG_ENABLE_OBJC_WEAK = YES;
				CLANG_WARN_BLOCK_CAPTURE_AUTORELEASING = YES;
				CLANG_WARN_BOOL_CONVERSION = YES;
				CLANG_WARN_COMMA = YES;
				CLANG_WARN_CONSTANT_CONVERSION = YES;
				CLANG_WARN_DEPRECATED_OBJC_IMPLEMENTATIONS = YES;
				CLANG_WARN_DIRECT_OBJC_ISA_USAGE = YES_ERROR;
				CLANG_WARN_DOCUMENTATION_COMMENTS = YES;
				CLANG_WARN_EMPTY_BODY = YES;
				CLANG_WARN_ENUM_CONVERSION = YES;
				CLANG_WARN_INFINITE_RECURSION = YES;
				CLANG_WARN_INT_CONVERSION = YES;
				CLANG_WARN_NON_LITERAL_NULL_CONVERSION = YES;
				CLANG_WARN_OBJC_IMPLICIT_RETAIN_SELF = YES;
				CLANG_WARN_OBJC_LITERAL_CONVERSION = YES;
				CLANG_WARN_OBJC_ROOT_CLASS = YES_ERROR;
				CLANG_WARN_QUOTED_INCLUDE_IN_FRAMEWORK_HEADER = YES;
				CLANG_WARN_RANGE_LOOP_ANALYSIS = YES;
				CLANG_WARN_STRICT_PROTOTYPES = YES;
				CLANG_WARN_SUSPICIOUS_MOVE = YES;
				CLANG_WARN_UNGUARDED_AVAILABILITY = YES_AGGRESSIVE;
				CLANG_WARN_UNREACHABLE_CODE = YES;
				CLANG_WARN__DUPLICATE_METHOD_MATCH = YES;
				COPY_PHASE_STRIP = NO;
				DEBUG_INFORMATION_FORMAT = dwarf;
				ENABLE_STRICT_OBJC_MSGSEND = YES;
				ENABLE_TESTABILITY = YES;
				GCC_C_LANGUAGE_STANDARD = gnu11;
				GCC_DYNAMIC_NO_PIC = NO;
				GCC_NO_COMMON_BLOCKS = YES;
				GCC_OPTIMIZATION_LEVEL = 0;
				GCC_PREPROCESSOR_DEFINITIONS = (
					"DEBUG=1",
					"$(inherited)",
				);
				GCC_WARN_64_TO_32_BIT_CONVERSION = YES;
				GCC_WARN_ABOUT_RETURN_TYPE = YES_ERROR;
				GCC_WARN_UNDECLARED_SELECTOR = YES;
				GCC_WARN_UNINITIALIZED_AUTOS = YES_AGGRESSIVE;
				GCC_WARN_UNUSED_FUNCTION = YES;
				GCC_WARN_UNUSED_VARIABLE = YES;
				IPHONEOS_DEPLOYMENT_TARGET = 14.4;
				MTL_ENABLE_DEBUG_INFO = INCLUDE_SOURCE;
				MTL_FAST_MATH = YES;
				ONLY_ACTIVE_ARCH = YES;
				SDKROOT = iphoneos;
				SWIFT_ACTIVE_COMPILATION_CONDITIONS = DEBUG;
				SWIFT_OPTIMIZATION_LEVEL = "-Onone";
			};
			name = Debug;
		};
		054EAA1627C90AD0005B9789 /* Release */ = {
			isa = XCBuildConfiguration;
			buildSettings = {
				ALWAYS_SEARCH_USER_PATHS = NO;
				CLANG_ANALYZER_NONNULL = YES;
				CLANG_ANALYZER_NUMBER_OBJECT_CONVERSION = YES_AGGRESSIVE;
				CLANG_CXX_LANGUAGE_STANDARD = "gnu++14";
				CLANG_CXX_LIBRARY = "libc++";
				CLANG_ENABLE_MODULES = YES;
				CLANG_ENABLE_OBJC_ARC = YES;
				CLANG_ENABLE_OBJC_WEAK = YES;
				CLANG_WARN_BLOCK_CAPTURE_AUTORELEASING = YES;
				CLANG_WARN_BOOL_CONVERSION = YES;
				CLANG_WARN_COMMA = YES;
				CLANG_WARN_CONSTANT_CONVERSION = YES;
				CLANG_WARN_DEPRECATED_OBJC_IMPLEMENTATIONS = YES;
				CLANG_WARN_DIRECT_OBJC_ISA_USAGE = YES_ERROR;
				CLANG_WARN_DOCUMENTATION_COMMENTS = YES;
				CLANG_WARN_EMPTY_BODY = YES;
				CLANG_WARN_ENUM_CONVERSION = YES;
				CLANG_WARN_INFINITE_RECURSION = YES;
				CLANG_WARN_INT_CONVERSION = YES;
				CLANG_WARN_NON_LITERAL_NULL_CONVERSION = YES;
				CLANG_WARN_OBJC_IMPLICIT_RETAIN_SELF = YES;
				CLANG_WARN_OBJC_LITERAL_CONVERSION = YES;
				CLANG_WARN_OBJC_ROOT_CLASS = YES_ERROR;
				CLANG_WARN_QUOTED_INCLUDE_IN_FRAMEWORK_HEADER = YES;
				CLANG_WARN_RANGE_LOOP_ANALYSIS = YES;
				CLANG_WARN_STRICT_PROTOTYPES = YES;
				CLANG_WARN_SUSPICIOUS_MOVE = YES;
				CLANG_WARN_UNGUARDED_AVAILABILITY = YES_AGGRESSIVE;
				CLANG_WARN_UNREACHABLE_CODE = YES;
				CLANG_WARN__DUPLICATE_METHOD_MATCH = YES;
				COPY_PHASE_STRIP = NO;
				DEBUG_INFORMATION_FORMAT = "dwarf-with-dsym";
				ENABLE_NS_ASSERTIONS = NO;
				ENABLE_STRICT_OBJC_MSGSEND = YES;
				GCC_C_LANGUAGE_STANDARD = gnu11;
				GCC_NO_COMMON_BLOCKS = YES;
				GCC_WARN_64_TO_32_BIT_CONVERSION = YES;
				GCC_WARN_ABOUT_RETURN_TYPE = YES_ERROR;
				GCC_WARN_UNDECLARED_SELECTOR = YES;
				GCC_WARN_UNINITIALIZED_AUTOS = YES_AGGRESSIVE;
				GCC_WARN_UNUSED_FUNCTION = YES;
				GCC_WARN_UNUSED_VARIABLE = YES;
				IPHONEOS_DEPLOYMENT_TARGET = 14.4;
				MTL_ENABLE_DEBUG_INFO = NO;
				MTL_FAST_MATH = YES;
				SDKROOT = iphoneos;
				SWIFT_COMPILATION_MODE = wholemodule;
				SWIFT_OPTIMIZATION_LEVEL = "-O";
				VALIDATE_PRODUCT = YES;
			};
			name = Release;
		};
		054EAA1827C90AD0005B9789 /* Debug */ = {
			isa = XCBuildConfiguration;
			baseConfigurationReference = 472A126D38BA105033FCD655 /* Pods-GifDemo.debug.xcconfig */;
			buildSettings = {
				ASSETCATALOG_COMPILER_APPICON_NAME = AppIcon;
				ASSETCATALOG_COMPILER_GLOBAL_ACCENT_COLOR_NAME = AccentColor;
				CODE_SIGN_STYLE = Automatic;
				INFOPLIST_FILE = GifDemo/Info.plist;
				LD_RUNPATH_SEARCH_PATHS = (
					"$(inherited)",
					"@executable_path/Frameworks",
				);
				PRODUCT_BUNDLE_IDENTIFIER = com.nishaantShukla.GifDemo;
				PRODUCT_NAME = "$(TARGET_NAME)";
				SWIFT_VERSION = 5.0;
				TARGETED_DEVICE_FAMILY = "1,2";
			};
			name = Debug;
		};
		054EAA1927C90AD0005B9789 /* Release */ = {
			isa = XCBuildConfiguration;
			baseConfigurationReference = 493F41FB343DA48A38198128 /* Pods-GifDemo.release.xcconfig */;
			buildSettings = {
				ASSETCATALOG_COMPILER_APPICON_NAME = AppIcon;
				ASSETCATALOG_COMPILER_GLOBAL_ACCENT_COLOR_NAME = AccentColor;
				CODE_SIGN_STYLE = Automatic;
				INFOPLIST_FILE = GifDemo/Info.plist;
				LD_RUNPATH_SEARCH_PATHS = (
					"$(inherited)",
					"@executable_path/Frameworks",
				);
				PRODUCT_BUNDLE_IDENTIFIER = com.nishaantShukla.GifDemo;
				PRODUCT_NAME = "$(TARGET_NAME)";
				SWIFT_VERSION = 5.0;
				TARGETED_DEVICE_FAMILY = "1,2";
			};
			name = Release;
		};
		054EAA1B27C90AD0005B9789 /* Debug */ = {
			isa = XCBuildConfiguration;
			baseConfigurationReference = D0C7603CE34826CA63C4BBCA /* Pods-GifDemoTests.debug.xcconfig */;
			buildSettings = {
				ALWAYS_EMBED_SWIFT_STANDARD_LIBRARIES = YES;
				BUNDLE_LOADER = "$(TEST_HOST)";
				CODE_SIGN_STYLE = Automatic;
				INFOPLIST_FILE = GifDemoTests/Info.plist;
				IPHONEOS_DEPLOYMENT_TARGET = 14.4;
				LD_RUNPATH_SEARCH_PATHS = (
					"$(inherited)",
					"@executable_path/Frameworks",
					"@loader_path/Frameworks",
				);
				PRODUCT_BUNDLE_IDENTIFIER = com.nishaantShukla.GifDemoTests;
				PRODUCT_NAME = "$(TARGET_NAME)";
				SWIFT_VERSION = 5.0;
				TARGETED_DEVICE_FAMILY = "1,2";
				TEST_HOST = "$(BUILT_PRODUCTS_DIR)/GifDemo.app/GifDemo";
			};
			name = Debug;
		};
		054EAA1C27C90AD0005B9789 /* Release */ = {
			isa = XCBuildConfiguration;
			baseConfigurationReference = 1F91813401BFC5F317E44889 /* Pods-GifDemoTests.release.xcconfig */;
			buildSettings = {
				ALWAYS_EMBED_SWIFT_STANDARD_LIBRARIES = YES;
				BUNDLE_LOADER = "$(TEST_HOST)";
				CODE_SIGN_STYLE = Automatic;
				INFOPLIST_FILE = GifDemoTests/Info.plist;
				IPHONEOS_DEPLOYMENT_TARGET = 14.4;
				LD_RUNPATH_SEARCH_PATHS = (
					"$(inherited)",
					"@executable_path/Frameworks",
					"@loader_path/Frameworks",
				);
				PRODUCT_BUNDLE_IDENTIFIER = com.nishaantShukla.GifDemoTests;
				PRODUCT_NAME = "$(TARGET_NAME)";
				SWIFT_VERSION = 5.0;
				TARGETED_DEVICE_FAMILY = "1,2";
				TEST_HOST = "$(BUILT_PRODUCTS_DIR)/GifDemo.app/GifDemo";
			};
			name = Release;
		};
		054EAA1E27C90AD0005B9789 /* Debug */ = {
			isa = XCBuildConfiguration;
			baseConfigurationReference = E0A088F9E3AC7D7020CB0CF5 /* Pods-GifDemo-GifDemoUITests.debug.xcconfig */;
			buildSettings = {
				ALWAYS_EMBED_SWIFT_STANDARD_LIBRARIES = YES;
				CODE_SIGN_STYLE = Automatic;
				INFOPLIST_FILE = GifDemoUITests/Info.plist;
				LD_RUNPATH_SEARCH_PATHS = (
					"$(inherited)",
					"@executable_path/Frameworks",
					"@loader_path/Frameworks",
				);
				PRODUCT_BUNDLE_IDENTIFIER = com.nishaantShukla.GifDemoUITests;
				PRODUCT_NAME = "$(TARGET_NAME)";
				SWIFT_VERSION = 5.0;
				TARGETED_DEVICE_FAMILY = "1,2";
				TEST_TARGET_NAME = GifDemo;
			};
			name = Debug;
		};
		054EAA1F27C90AD0005B9789 /* Release */ = {
			isa = XCBuildConfiguration;
			baseConfigurationReference = D729D97972F43DF2A7F4AF90 /* Pods-GifDemo-GifDemoUITests.release.xcconfig */;
			buildSettings = {
				ALWAYS_EMBED_SWIFT_STANDARD_LIBRARIES = YES;
				CODE_SIGN_STYLE = Automatic;
				INFOPLIST_FILE = GifDemoUITests/Info.plist;
				LD_RUNPATH_SEARCH_PATHS = (
					"$(inherited)",
					"@executable_path/Frameworks",
					"@loader_path/Frameworks",
				);
				PRODUCT_BUNDLE_IDENTIFIER = com.nishaantShukla.GifDemoUITests;
				PRODUCT_NAME = "$(TARGET_NAME)";
				SWIFT_VERSION = 5.0;
				TARGETED_DEVICE_FAMILY = "1,2";
				TEST_TARGET_NAME = GifDemo;
			};
			name = Release;
		};
/* End XCBuildConfiguration section */

/* Begin XCConfigurationList section */
		054EA9E527C90ACE005B9789 /* Build configuration list for PBXProject "GifDemo" */ = {
			isa = XCConfigurationList;
			buildConfigurations = (
				054EAA1527C90AD0005B9789 /* Debug */,
				054EAA1627C90AD0005B9789 /* Release */,
			);
			defaultConfigurationIsVisible = 0;
			defaultConfigurationName = Release;
		};
		054EAA1727C90AD0005B9789 /* Build configuration list for PBXNativeTarget "GifDemo" */ = {
			isa = XCConfigurationList;
			buildConfigurations = (
				054EAA1827C90AD0005B9789 /* Debug */,
				054EAA1927C90AD0005B9789 /* Release */,
			);
			defaultConfigurationIsVisible = 0;
			defaultConfigurationName = Release;
		};
		054EAA1A27C90AD0005B9789 /* Build configuration list for PBXNativeTarget "GifDemoTests" */ = {
			isa = XCConfigurationList;
			buildConfigurations = (
				054EAA1B27C90AD0005B9789 /* Debug */,
				054EAA1C27C90AD0005B9789 /* Release */,
			);
			defaultConfigurationIsVisible = 0;
			defaultConfigurationName = Release;
		};
		054EAA1D27C90AD0005B9789 /* Build configuration list for PBXNativeTarget "GifDemoUITests" */ = {
			isa = XCConfigurationList;
			buildConfigurations = (
				054EAA1E27C90AD0005B9789 /* Debug */,
				054EAA1F27C90AD0005B9789 /* Release */,
			);
			defaultConfigurationIsVisible = 0;
			defaultConfigurationName = Release;
		};
/* End XCConfigurationList section */

/* Begin XCVersionGroup section */
		054EA9F627C90ACF005B9789 /* GifDemo.xcdatamodeld */ = {
			isa = XCVersionGroup;
			children = (
				054EA9F727C90ACF005B9789 /* GifDemo.xcdatamodel */,
			);
			currentVersion = 054EA9F727C90ACF005B9789 /* GifDemo.xcdatamodel */;
			path = GifDemo.xcdatamodeld;
			sourceTree = "<group>";
			versionGroupType = wrapper.xcdatamodel;
		};
/* End XCVersionGroup section */
	};
	rootObject = 054EA9E227C90ACE005B9789 /* Project object */;
}
